
Microsoft Visual Studio Solution File, Format Version 12.00
# Visual Studio 15
VisualStudioVersion = 15.0.28010.2041
MinimumVisualStudioVersion = 10.0.40219.1
Project("{FAE04EC0-301F-11D3-BF4B-00C04F79EFBC}") = "KnapsackGUI", "KnapsackGUI\KnapsackGUI.csproj", "{124D301A-7BED-4446-A9C4-1E5187FB4E1C}"
EndProject
Project("{8BC9CEB8-8B4A-11D0-8D11-00A0C91BC942}") = "KnapsackAlgorithm", "KnapsackAlgorithm\KnapsackAlgorithm.vcxproj", "{7462DCC7-C8F3-4B10-9F57-AB928AF3F504}"
EndProject
Global
	GlobalSection(SolutionConfigurationPlatforms) = preSolution
		Debug|Any CPU = Debug|Any CPU
		Debug|x64 = Debug|x64
		Debug|x86 = Debug|x86
		Release|Any CPU = Release|Any CPU
		Release|x64 = Release|x64
		Release|x86 = Release|x86
	EndGlobalSection
	GlobalSection(ProjectConfigurationPlatforms) = postSolution
		{124D301A-7BED-4446-A9C4-1E5187FB4E1C}.Debug|Any CPU.ActiveCfg = Debug|Any CPU
		{124D301A-7BED-4446-A9C4-1E5187FB4E1C}.Debug|Any CPU.Build.0 = Debug|Any CPU
		{124D301A-7BED-4446-A9C4-1E5187FB4E1C}.Debug|x64.ActiveCfg = Debug|Any CPU
		{124D301A-7BED-4446-A9C4-1E5187FB4E1C}.Debug|x64.Build.0 = Debug|Any CPU
		{124D301A-7BED-4446-A9C4-1E5187FB4E1C}.Debug|x86.ActiveCfg = Debug|Any CPU
		{124D301A-7BED-4446-A9C4-1E5187FB4E1C}.Debug|x86.Build.0 = Debug|Any CPU
		{124D301A-7BED-4446-A9C4-1E5187FB4E1C}.Release|Any CPU.ActiveCfg = Release|Any CPU
		{124D301A-7BED-4446-A9C4-1E5187FB4E1C}.Release|Any CPU.Build.0 = Release|Any CPU
		{124D301A-7BED-4446-A9C4-1E5187FB4E1C}.Release|x64.ActiveCfg = Release|Any CPU
		{124D301A-7BED-4446-A9C4-1E5187FB4E1C}.Release|x64.Build.0 = Release|Any CPU
		{124D301A-7BED-4446-A9C4-1E5187FB4E1C}.Release|x86.ActiveCfg = Release|Any CPU
		{124D301A-7BED-4446-A9C4-1E5187FB4E1C}.Release|x86.Build.0 = Release|Any CPU
		{7462DCC7-C8F3-4B10-9F57-AB928AF3F504}.Debug|Any CPU.ActiveCfg = Debug|Win32
		{7462DCC7-C8F3-4B10-9F57-AB928AF3F504}.Debug|x64.ActiveCfg = Debug|x64
		{7462DCC7-C8F3-4B10-9F57-AB928AF3F504}.Debug|x64.Build.0 = Debug|x64
		{7462DCC7-C8F3-4B10-9F57-AB928AF3F504}.Debug|x86.ActiveCfg = Debug|Win32
		{7462DCC7-C8F3-4B10-9F57-AB928AF3F504}.Debug|x86.Build.0 = Debug|Win32
		{7462DCC7-C8F3-4B10-9F57-AB928AF3F504}.Release|Any CPU.ActiveCfg = Release|Win32
		{7462DCC7-C8F3-4B10-9F57-AB928AF3F504}.Release|x64.ActiveCfg = Release|x64
		{7462DCC7-C8F3-4B10-9F57-AB928AF3F504}.Release|x64.Build.0 = Release|x64
		{7462DCC7-C8F3-4B10-9F57-AB928AF3F504}.Release|x86.ActiveCfg = Release|Win32
		{7462DCC7-C8F3-4B10-9F57-AB928AF3F504}.Release|x86.Build.0 = Release|Win32
	EndGlobalSection
	GlobalSection(SolutionProperties) = preSolution
		HideSolutionNode = FALSE
	EndGlobalSection
	GlobalSection(ExtensibilityGlobals) = postSolution
		SolutionGuid = {1A0DEDD2-6E3F-4AA0-9C6E-275F991FDA98}
	EndGlobalSection
EndGlobal
